
Microsoft Visual Studio Solution File, Format Version 12.00
# Visual Studio Version 17
VisualStudioVersion = 17.12.35527.113
MinimumVisualStudioVersion = 10.0.40219.1
Project("{FAE04EC0-301F-11D3-BF4B-00C04F79EFBC}") = "Projet1", "Projet1.csproj", "{DEADBFA9-9DCE-4A27-B571-7AE2F4EA1402}"
EndProject
Project("{FAE04EC0-301F-11D3-BF4B-00C04F79EFBC}") = "BatailleNavale", "..\BatailleNavale\BatailleNavale.csproj", "{74A48A4C-C91B-43C1-8190-42FA93C6EF20}"
EndProject
Project("{FAE04EC0-301F-11D3-BF4B-00C04F79EFBC}") = "Argent", "..\Argent\Argent.csproj", "{6F359545-A617-4EF8-AB05-4E12EEBA77FD}"
EndProject
Project("{FAE04EC0-301F-11D3-BF4B-00C04F79EFBC}") = "WpfApp", "..\Interface\WpfApp\WpfApp\WpfApp.csproj", "{131CA7E0-FA04-417A-BE47-CC87B00E4F88}"
EndProject
Project("{FAE04EC0-301F-11D3-BF4B-00C04F79EFBC}") = "Or", "..\Or\Or\Or.csproj", "{8E58D626-3838-4CDA-8C69-B9C0386E35D2}"
EndProject
Project("{FAE04EC0-301F-11D3-BF4B-00C04F79EFBC}") = "Percolation", "..\..\..\Users\Formation\Downloads\Percolation\Percolation.csproj", "{8A365A19-46A9-41CB-9251-B10D7EBA7453}"
EndProject
Global
	GlobalSection(SolutionConfigurationPlatforms) = preSolution
		Debug|Any CPU = Debug|Any CPU
		Release|Any CPU = Release|Any CPU
	EndGlobalSection
	GlobalSection(ProjectConfigurationPlatforms) = postSolution
		{DEADBFA9-9DCE-4A27-B571-7AE2F4EA1402}.Debug|Any CPU.ActiveCfg = Debug|Any CPU
		{DEADBFA9-9DCE-4A27-B571-7AE2F4EA1402}.Debug|Any CPU.Build.0 = Debug|Any CPU
		{DEADBFA9-9DCE-4A27-B571-7AE2F4EA1402}.Release|Any CPU.ActiveCfg = Release|Any CPU
		{DEADBFA9-9DCE-4A27-B571-7AE2F4EA1402}.Release|Any CPU.Build.0 = Release|Any CPU
		{74A48A4C-C91B-43C1-8190-42FA93C6EF20}.Debug|Any CPU.ActiveCfg = Debug|Any CPU
		{74A48A4C-C91B-43C1-8190-42FA93C6EF20}.Debug|Any CPU.Build.0 = Debug|Any CPU
		{74A48A4C-C91B-43C1-8190-42FA93C6EF20}.Release|Any CPU.ActiveCfg = Release|Any CPU
		{74A48A4C-C91B-43C1-8190-42FA93C6EF20}.Release|Any CPU.Build.0 = Release|Any CPU
		{6F359545-A617-4EF8-AB05-4E12EEBA77FD}.Debug|Any CPU.ActiveCfg = Debug|Any CPU
		{6F359545-A617-4EF8-AB05-4E12EEBA77FD}.Debug|Any CPU.Build.0 = Debug|Any CPU
		{6F359545-A617-4EF8-AB05-4E12EEBA77FD}.Release|Any CPU.ActiveCfg = Release|Any CPU
		{6F359545-A617-4EF8-AB05-4E12EEBA77FD}.Release|Any CPU.Build.0 = Release|Any CPU
		{131CA7E0-FA04-417A-BE47-CC87B00E4F88}.Debug|Any CPU.ActiveCfg = Debug|Any CPU
		{131CA7E0-FA04-417A-BE47-CC87B00E4F88}.Debug|Any CPU.Build.0 = Debug|Any CPU
		{131CA7E0-FA04-417A-BE47-CC87B00E4F88}.Release|Any CPU.ActiveCfg = Release|Any CPU
		{131CA7E0-FA04-417A-BE47-CC87B00E4F88}.Release|Any CPU.Build.0 = Release|Any CPU
		{8E58D626-3838-4CDA-8C69-B9C0386E35D2}.Debug|Any CPU.ActiveCfg = Debug|Any CPU
		{8E58D626-3838-4CDA-8C69-B9C0386E35D2}.Debug|Any CPU.Build.0 = Debug|Any CPU
		{8E58D626-3838-4CDA-8C69-B9C0386E35D2}.Release|Any CPU.ActiveCfg = Release|Any CPU
		{8E58D626-3838-4CDA-8C69-B9C0386E35D2}.Release|Any CPU.Build.0 = Release|Any CPU
		{8A365A19-46A9-41CB-9251-B10D7EBA7453}.Debug|Any CPU.ActiveCfg = Debug|Any CPU
		{8A365A19-46A9-41CB-9251-B10D7EBA7453}.Debug|Any CPU.Build.0 = Debug|Any CPU
		{8A365A19-46A9-41CB-9251-B10D7EBA7453}.Release|Any CPU.ActiveCfg = Release|Any CPU
		{8A365A19-46A9-41CB-9251-B10D7EBA7453}.Release|Any CPU.Build.0 = Release|Any CPU
	EndGlobalSection
	GlobalSection(SolutionProperties) = preSolution
		HideSolutionNode = FALSE
	EndGlobalSection
EndGlobal
